
Microsoft Visual Studio Solution File, Format Version 12.00
# Visual Studio 15
VisualStudioVersion = 15.0.28010.2050
MinimumVisualStudioVersion = 10.0.40219.1
Project("{9A19103F-16F7-4668-BE54-9A1E7A4F7556}") = "RideWithMeWebApp.API", "RideWithMeWebApp.Api\RideWithMeWebApp.API.csproj", "{CF35F293-12F3-4AC2-AA58-09018F73AC82}"
EndProject
Project("{FAE04EC0-301F-11D3-BF4B-00C04F79EFBC}") = "RideWithMeWebApp.Authentication", "RideWithMeWebApp.Authentication\RideWithMeWebApp.Authentication.csproj", "{69C376AE-3A1C-486B-93DD-963AB25F4147}"
EndProject
Project("{FAE04EC0-301F-11D3-BF4B-00C04F79EFBC}") = "RideWithMeWebApp.DataProvider", "RideWithMeWebApp.DataProvider\RideWithMeWebApp.DataProvider.csproj", "{A2C48A5C-5F7E-4C20-A870-326689C08A2E}"
EndProject
Project("{FAE04EC0-301F-11D3-BF4B-00C04F79EFBC}") = "RideWithMeWebApp.Models", "RideWithMeWebApp.Models\RideWithMeWebApp.Models.csproj", "{4905171F-73F7-48CB-94DE-CDB376268EA1}"
EndProject
Global
	GlobalSection(SolutionConfigurationPlatforms) = preSolution
		Debug|Any CPU = Debug|Any CPU
		Release|Any CPU = Release|Any CPU
	EndGlobalSection
	GlobalSection(ProjectConfigurationPlatforms) = postSolution
		{CF35F293-12F3-4AC2-AA58-09018F73AC82}.Debug|Any CPU.ActiveCfg = Debug|Any CPU
		{CF35F293-12F3-4AC2-AA58-09018F73AC82}.Debug|Any CPU.Build.0 = Debug|Any CPU
		{CF35F293-12F3-4AC2-AA58-09018F73AC82}.Release|Any CPU.ActiveCfg = Release|Any CPU
		{CF35F293-12F3-4AC2-AA58-09018F73AC82}.Release|Any CPU.Build.0 = Release|Any CPU
		{69C376AE-3A1C-486B-93DD-963AB25F4147}.Debug|Any CPU.ActiveCfg = Debug|Any CPU
		{69C376AE-3A1C-486B-93DD-963AB25F4147}.Debug|Any CPU.Build.0 = Debug|Any CPU
		{69C376AE-3A1C-486B-93DD-963AB25F4147}.Release|Any CPU.ActiveCfg = Release|Any CPU
		{69C376AE-3A1C-486B-93DD-963AB25F4147}.Release|Any CPU.Build.0 = Release|Any CPU
		{A2C48A5C-5F7E-4C20-A870-326689C08A2E}.Debug|Any CPU.ActiveCfg = Debug|Any CPU
		{A2C48A5C-5F7E-4C20-A870-326689C08A2E}.Debug|Any CPU.Build.0 = Debug|Any CPU
		{A2C48A5C-5F7E-4C20-A870-326689C08A2E}.Release|Any CPU.ActiveCfg = Release|Any CPU
		{A2C48A5C-5F7E-4C20-A870-326689C08A2E}.Release|Any CPU.Build.0 = Release|Any CPU
		{4905171F-73F7-48CB-94DE-CDB376268EA1}.Debug|Any CPU.ActiveCfg = Debug|Any CPU
		{4905171F-73F7-48CB-94DE-CDB376268EA1}.Debug|Any CPU.Build.0 = Debug|Any CPU
		{4905171F-73F7-48CB-94DE-CDB376268EA1}.Release|Any CPU.ActiveCfg = Release|Any CPU
		{4905171F-73F7-48CB-94DE-CDB376268EA1}.Release|Any CPU.Build.0 = Release|Any CPU
	EndGlobalSection
	GlobalSection(SolutionProperties) = preSolution
		HideSolutionNode = FALSE
	EndGlobalSection
	GlobalSection(ExtensibilityGlobals) = postSolution
		SolutionGuid = {6F42AD2A-AEC5-4C9D-ABFD-AB79C9D91BBB}
	EndGlobalSection
EndGlobal
